
Microsoft Visual Studio Solution File, Format Version 12.00
# Visual Studio Version 17
VisualStudioVersion = 17.3.32929.385
MinimumVisualStudioVersion = 10.0.40219.1
Project("{9A19103F-16F7-4668-BE54-9A1E7A4F7556}") = "ExpandedXml", "ExpandedXml\ExpandedXml.csproj", "{3ACE41EA-E44B-4997-AC08-8E36A56DA37A}"
EndProject
Project("{9A19103F-16F7-4668-BE54-9A1E7A4F7556}") = "ExpandedXml.Tests", "ExpandedXml.Tests\ExpandedXml.Tests.csproj", "{4A70FCE6-7952-4A65-9025-1B9FB2C3A380}"
EndProject
Global
	GlobalSection(SolutionConfigurationPlatforms) = preSolution
		Debug|Any CPU = Debug|Any CPU
		Release|Any CPU = Release|Any CPU
	EndGlobalSection
	GlobalSection(ProjectConfigurationPlatforms) = postSolution
		{3ACE41EA-E44B-4997-AC08-8E36A56DA37A}.Debug|Any CPU.ActiveCfg = Debug|Any CPU
		{3ACE41EA-E44B-4997-AC08-8E36A56DA37A}.Debug|Any CPU.Build.0 = Debug|Any CPU
		{3ACE41EA-E44B-4997-AC08-8E36A56DA37A}.Release|Any CPU.ActiveCfg = Release|Any CPU
		{3ACE41EA-E44B-4997-AC08-8E36A56DA37A}.Release|Any CPU.Build.0 = Release|Any CPU
		{4A70FCE6-7952-4A65-9025-1B9FB2C3A380}.Debug|Any CPU.ActiveCfg = Debug|Any CPU
		{4A70FCE6-7952-4A65-9025-1B9FB2C3A380}.Debug|Any CPU.Build.0 = Debug|Any CPU
		{4A70FCE6-7952-4A65-9025-1B9FB2C3A380}.Release|Any CPU.ActiveCfg = Release|Any CPU
		{4A70FCE6-7952-4A65-9025-1B9FB2C3A380}.Release|Any CPU.Build.0 = Release|Any CPU
	EndGlobalSection
	GlobalSection(SolutionProperties) = preSolution
		HideSolutionNode = FALSE
	EndGlobalSection
	GlobalSection(ExtensibilityGlobals) = postSolution
		SolutionGuid = {B4C1F806-909C-4F9B-934D-19F76389D138}
	EndGlobalSection
EndGlobal
